
Microsoft Visual Studio Solution File, Format Version 12.00
# Visual Studio Version 17
VisualStudioVersion = 17.11.35327.3
MinimumVisualStudioVersion = 10.0.40219.1
Project("{9A19103F-16F7-4668-BE54-9A1E7A4F7556}") = "SCSA", "SCSA\SCSA.csproj", "{E7B89FBE-2222-4BAE-AF20-474D36529DB1}"
EndProject
Project("{9A19103F-16F7-4668-BE54-9A1E7A4F7556}") = "SCSA.IO", "SCSA.IO\SCSA.IO.csproj", "{A299FA6E-1C8B-4485-8DB9-BC7E4E3A5480}"
EndProject
Project("{9A19103F-16F7-4668-BE54-9A1E7A4F7556}") = "SCSA.Client.Test", "SCSA.Client.Test\SCSA.Client.Test.csproj", "{60BEE231-29B8-4256-B596-0CEB82BED210}"
EndProject
Project("{FAE04EC0-301F-11D3-BF4B-00C04F79EFBC}") = "SCSA.Models", "SCSA.Models\SCSA.Models.csproj", "{73ECA071-44B5-4A33-8BC1-B02AF00911CF}"
EndProject
Project("{FAE04EC0-301F-11D3-BF4B-00C04F79EFBC}") = "SCSA.Utils", "SCSA.Utils\SCSA.Utils.csproj", "{5354E3E9-BB6A-4D9A-B8F8-583D89DD4EFF}"
EndProject
Project("{2150E333-8FDC-42A3-9474-1A3956D46DE8}") = "解决方案项", "解决方案项", "{395264E1-BC4B-49EF-9349-CF8F23E8635E}"
	ProjectSection(SolutionItems) = preProject
		通讯协议.docx = 通讯协议.docx
	EndProjectSection
EndProject
Global
	GlobalSection(SolutionConfigurationPlatforms) = preSolution
		Debug|Any CPU = Debug|Any CPU
		Release|Any CPU = Release|Any CPU
	EndGlobalSection
	GlobalSection(ProjectConfigurationPlatforms) = postSolution
		{E7B89FBE-2222-4BAE-AF20-474D36529DB1}.Debug|Any CPU.ActiveCfg = Debug|Any CPU
		{E7B89FBE-2222-4BAE-AF20-474D36529DB1}.Debug|Any CPU.Build.0 = Debug|Any CPU
		{E7B89FBE-2222-4BAE-AF20-474D36529DB1}.Release|Any CPU.ActiveCfg = Release|Any CPU
		{E7B89FBE-2222-4BAE-AF20-474D36529DB1}.Release|Any CPU.Build.0 = Release|Any CPU
		{A299FA6E-1C8B-4485-8DB9-BC7E4E3A5480}.Debug|Any CPU.ActiveCfg = Debug|Any CPU
		{A299FA6E-1C8B-4485-8DB9-BC7E4E3A5480}.Debug|Any CPU.Build.0 = Debug|Any CPU
		{A299FA6E-1C8B-4485-8DB9-BC7E4E3A5480}.Release|Any CPU.ActiveCfg = Release|Any CPU
		{A299FA6E-1C8B-4485-8DB9-BC7E4E3A5480}.Release|Any CPU.Build.0 = Release|Any CPU
		{60BEE231-29B8-4256-B596-0CEB82BED210}.Debug|Any CPU.ActiveCfg = Debug|Any CPU
		{60BEE231-29B8-4256-B596-0CEB82BED210}.Debug|Any CPU.Build.0 = Debug|Any CPU
		{60BEE231-29B8-4256-B596-0CEB82BED210}.Release|Any CPU.ActiveCfg = Release|Any CPU
		{60BEE231-29B8-4256-B596-0CEB82BED210}.Release|Any CPU.Build.0 = Release|Any CPU
		{73ECA071-44B5-4A33-8BC1-B02AF00911CF}.Debug|Any CPU.ActiveCfg = Debug|Any CPU
		{73ECA071-44B5-4A33-8BC1-B02AF00911CF}.Debug|Any CPU.Build.0 = Debug|Any CPU
		{73ECA071-44B5-4A33-8BC1-B02AF00911CF}.Release|Any CPU.ActiveCfg = Release|Any CPU
		{73ECA071-44B5-4A33-8BC1-B02AF00911CF}.Release|Any CPU.Build.0 = Release|Any CPU
		{5354E3E9-BB6A-4D9A-B8F8-583D89DD4EFF}.Debug|Any CPU.ActiveCfg = Debug|Any CPU
		{5354E3E9-BB6A-4D9A-B8F8-583D89DD4EFF}.Debug|Any CPU.Build.0 = Debug|Any CPU
		{5354E3E9-BB6A-4D9A-B8F8-583D89DD4EFF}.Release|Any CPU.ActiveCfg = Release|Any CPU
		{5354E3E9-BB6A-4D9A-B8F8-583D89DD4EFF}.Release|Any CPU.Build.0 = Release|Any CPU
	EndGlobalSection
	GlobalSection(SolutionProperties) = preSolution
		HideSolutionNode = FALSE
	EndGlobalSection
	GlobalSection(ExtensibilityGlobals) = postSolution
		SolutionGuid = {BAD2DF02-D652-4CE4-B0BD-E2F756C40E03}
	EndGlobalSection
EndGlobal
