Microsoft Visual Studio Solution File, Format Version 12.00
# Visual Studio Version 17
VisualStudioVersion = 17.5.2.0
MinimumVisualStudioVersion = 10.0.40219.1
Project("{FAE04EC0-301F-11D3-BF4B-00C04F79EFBC}") = "SCSA", "SCSA.csproj", "{C2D6195B-B907-EEEB-7B41-B3D48B13C998}"
EndProject
Global
	GlobalSection(SolutionConfigurationPlatforms) = preSolution
		Debug|Any CPU = Debug|Any CPU
		Release|Any CPU = Release|Any CPU
	EndGlobalSection
	GlobalSection(ProjectConfigurationPlatforms) = postSolution
		{C2D6195B-B907-EEEB-7B41-B3D48B13C998}.Debug|Any CPU.ActiveCfg = Debug|Any CPU
		{C2D6195B-B907-EEEB-7B41-B3D48B13C998}.Debug|Any CPU.Build.0 = Debug|Any CPU
		{C2D6195B-B907-EEEB-7B41-B3D48B13C998}.Release|Any CPU.ActiveCfg = Release|Any CPU
		{C2D6195B-B907-EEEB-7B41-B3D48B13C998}.Release|Any CPU.Build.0 = Release|Any CPU
	EndGlobalSection
	GlobalSection(SolutionProperties) = preSolution
		HideSolutionNode = FALSE
	EndGlobalSection
	GlobalSection(ExtensibilityGlobals) = postSolution
		SolutionGuid = {5D36433E-23AA-44AA-81CA-1EB0588CE2FF}
	EndGlobalSection
EndGlobal
